
Microsoft Visual Studio Solution File, Format Version 12.00
# Visual Studio Version 16
VisualStudioVersion = 16.0.29920.165
MinimumVisualStudioVersion = 10.0.40219.1
Project("{FAE04EC0-301F-11D3-BF4B-00C04F79EFBC}") = "ASP web", "ASP web\ASP web.csproj", "{9EDD958D-A726-4FD3-98A7-4A7EB9E08967}"
EndProject
Global
	GlobalSection(SolutionConfigurationPlatforms) = preSolution
		Debug|Any CPU = Debug|Any CPU
		Release|Any CPU = Release|Any CPU
	EndGlobalSection
	GlobalSection(ProjectConfigurationPlatforms) = postSolution
		{9EDD958D-A726-4FD3-98A7-4A7EB9E08967}.Debug|Any CPU.ActiveCfg = Debug|Any CPU
		{9EDD958D-A726-4FD3-98A7-4A7EB9E08967}.Debug|Any CPU.Build.0 = Debug|Any CPU
		{9EDD958D-A726-4FD3-98A7-4A7EB9E08967}.Release|Any CPU.ActiveCfg = Release|Any CPU
		{9EDD958D-A726-4FD3-98A7-4A7EB9E08967}.Release|Any CPU.Build.0 = Release|Any CPU
	EndGlobalSection
	GlobalSection(SolutionProperties) = preSolution
		HideSolutionNode = FALSE
	EndGlobalSection
	GlobalSection(ExtensibilityGlobals) = postSolution
		SolutionGuid = {73D42BCC-1F36-4FFE-BA88-D70A11A496AD}
	EndGlobalSection
EndGlobal
